
Microsoft Visual Studio Solution File, Format Version 12.00
# Visual Studio Version 17
VisualStudioVersion = 17.1.32328.378
MinimumVisualStudioVersion = 10.0.40219.1
Project("{9A19103F-16F7-4668-BE54-9A1E7A4F7556}") = "PerudoBot.Database", "PerudoBot.Database\PerudoBot.Database.csproj", "{86ECF2D6-9F49-4AE9-ADE1-BEA82221633F}"
EndProject
Project("{9A19103F-16F7-4668-BE54-9A1E7A4F7556}") = "PerudoBot.API", "PerudoBot.API\PerudoBot.API.csproj", "{F9CC1487-0117-443E-8EF2-EA59051C2328}"
EndProject
Project("{9A19103F-16F7-4668-BE54-9A1E7A4F7556}") = "PerudoBot.Tests", "PerudoBot.Tests\PerudoBot.Tests.csproj", "{A6D246CC-8923-47F8-A33D-7D3C6C892C6F}"
	ProjectSection(ProjectDependencies) = postProject
		{F9CC1487-0117-443E-8EF2-EA59051C2328} = {F9CC1487-0117-443E-8EF2-EA59051C2328}
	EndProjectSection
EndProject
Global
	GlobalSection(SolutionConfigurationPlatforms) = preSolution
		Debug|Any CPU = Debug|Any CPU
		Release|Any CPU = Release|Any CPU
	EndGlobalSection
	GlobalSection(ProjectConfigurationPlatforms) = postSolution
		{86ECF2D6-9F49-4AE9-ADE1-BEA82221633F}.Debug|Any CPU.ActiveCfg = Debug|Any CPU
		{86ECF2D6-9F49-4AE9-ADE1-BEA82221633F}.Debug|Any CPU.Build.0 = Debug|Any CPU
		{86ECF2D6-9F49-4AE9-ADE1-BEA82221633F}.Release|Any CPU.ActiveCfg = Release|Any CPU
		{86ECF2D6-9F49-4AE9-ADE1-BEA82221633F}.Release|Any CPU.Build.0 = Release|Any CPU
		{F9CC1487-0117-443E-8EF2-EA59051C2328}.Debug|Any CPU.ActiveCfg = Debug|Any CPU
		{F9CC1487-0117-443E-8EF2-EA59051C2328}.Debug|Any CPU.Build.0 = Debug|Any CPU
		{F9CC1487-0117-443E-8EF2-EA59051C2328}.Release|Any CPU.ActiveCfg = Release|Any CPU
		{F9CC1487-0117-443E-8EF2-EA59051C2328}.Release|Any CPU.Build.0 = Release|Any CPU
		{A6D246CC-8923-47F8-A33D-7D3C6C892C6F}.Debug|Any CPU.ActiveCfg = Debug|Any CPU
		{A6D246CC-8923-47F8-A33D-7D3C6C892C6F}.Debug|Any CPU.Build.0 = Debug|Any CPU
		{A6D246CC-8923-47F8-A33D-7D3C6C892C6F}.Release|Any CPU.ActiveCfg = Release|Any CPU
		{A6D246CC-8923-47F8-A33D-7D3C6C892C6F}.Release|Any CPU.Build.0 = Release|Any CPU
	EndGlobalSection
	GlobalSection(SolutionProperties) = preSolution
		HideSolutionNode = FALSE
	EndGlobalSection
	GlobalSection(ExtensibilityGlobals) = postSolution
		SolutionGuid = {8DCADA3E-5D82-457C-A3D8-6058AA0CC7E6}
	EndGlobalSection
EndGlobal
